
Microsoft Visual Studio Solution File, Format Version 12.00
# Visual Studio 15
VisualStudioVersion = 15.0.28010.2003
MinimumVisualStudioVersion = 10.0.40219.1
Project("{FAE04EC0-301F-11D3-BF4B-00C04F79EFBC}") = "needl.Android", "needl\needl.Android\needl.Android.csproj", "{3839EDB1-9D24-4159-9E1F-50229E4DC275}"
EndProject
Project("{FAE04EC0-301F-11D3-BF4B-00C04F79EFBC}") = "needl.iOS", "needl\needl.iOS\needl.iOS.csproj", "{359AA218-EB7D-4711-AD1D-37162882AB84}"
EndProject
Project("{FAE04EC0-301F-11D3-BF4B-00C04F79EFBC}") = "needl", "needl\needl\needl.csproj", "{162DD573-5F60-4B91-8700-D2A26A52F70A}"
EndProject
Global
	GlobalSection(SolutionConfigurationPlatforms) = preSolution
		Ad-Hoc|Any CPU = Ad-Hoc|Any CPU
		Ad-Hoc|iPhone = Ad-Hoc|iPhone
		Ad-Hoc|iPhoneSimulator = Ad-Hoc|iPhoneSimulator
		AppStore|Any CPU = AppStore|Any CPU
		AppStore|iPhone = AppStore|iPhone
		AppStore|iPhoneSimulator = AppStore|iPhoneSimulator
		Debug|Any CPU = Debug|Any CPU
		Debug|iPhone = Debug|iPhone
		Debug|iPhoneSimulator = Debug|iPhoneSimulator
		Release|Any CPU = Release|Any CPU
		Release|iPhone = Release|iPhone
		Release|iPhoneSimulator = Release|iPhoneSimulator
	EndGlobalSection
	GlobalSection(ProjectConfigurationPlatforms) = postSolution
		{3839EDB1-9D24-4159-9E1F-50229E4DC275}.Ad-Hoc|Any CPU.ActiveCfg = Release|Any CPU
		{3839EDB1-9D24-4159-9E1F-50229E4DC275}.Ad-Hoc|Any CPU.Build.0 = Release|Any CPU
		{3839EDB1-9D24-4159-9E1F-50229E4DC275}.Ad-Hoc|Any CPU.Deploy.0 = Release|Any CPU
		{3839EDB1-9D24-4159-9E1F-50229E4DC275}.Ad-Hoc|iPhone.ActiveCfg = Release|Any CPU
		{3839EDB1-9D24-4159-9E1F-50229E4DC275}.Ad-Hoc|iPhone.Build.0 = Release|Any CPU
		{3839EDB1-9D24-4159-9E1F-50229E4DC275}.Ad-Hoc|iPhone.Deploy.0 = Release|Any CPU
		{3839EDB1-9D24-4159-9E1F-50229E4DC275}.Ad-Hoc|iPhoneSimulator.ActiveCfg = Release|Any CPU
		{3839EDB1-9D24-4159-9E1F-50229E4DC275}.Ad-Hoc|iPhoneSimulator.Build.0 = Release|Any CPU
		{3839EDB1-9D24-4159-9E1F-50229E4DC275}.Ad-Hoc|iPhoneSimulator.Deploy.0 = Release|Any CPU
		{3839EDB1-9D24-4159-9E1F-50229E4DC275}.AppStore|Any CPU.ActiveCfg = Release|Any CPU
		{3839EDB1-9D24-4159-9E1F-50229E4DC275}.AppStore|Any CPU.Build.0 = Release|Any CPU
		{3839EDB1-9D24-4159-9E1F-50229E4DC275}.AppStore|Any CPU.Deploy.0 = Release|Any CPU
		{3839EDB1-9D24-4159-9E1F-50229E4DC275}.AppStore|iPhone.ActiveCfg = Release|Any CPU
		{3839EDB1-9D24-4159-9E1F-50229E4DC275}.AppStore|iPhone.Build.0 = Release|Any CPU
		{3839EDB1-9D24-4159-9E1F-50229E4DC275}.AppStore|iPhone.Deploy.0 = Release|Any CPU
		{3839EDB1-9D24-4159-9E1F-50229E4DC275}.AppStore|iPhoneSimulator.ActiveCfg = Release|Any CPU
		{3839EDB1-9D24-4159-9E1F-50229E4DC275}.AppStore|iPhoneSimulator.Build.0 = Release|Any CPU
		{3839EDB1-9D24-4159-9E1F-50229E4DC275}.AppStore|iPhoneSimulator.Deploy.0 = Release|Any CPU
		{3839EDB1-9D24-4159-9E1F-50229E4DC275}.Debug|Any CPU.ActiveCfg = Debug|Any CPU
		{3839EDB1-9D24-4159-9E1F-50229E4DC275}.Debug|Any CPU.Build.0 = Debug|Any CPU
		{3839EDB1-9D24-4159-9E1F-50229E4DC275}.Debug|Any CPU.Deploy.0 = Debug|Any CPU
		{3839EDB1-9D24-4159-9E1F-50229E4DC275}.Debug|iPhone.ActiveCfg = Debug|Any CPU
		{3839EDB1-9D24-4159-9E1F-50229E4DC275}.Debug|iPhone.Build.0 = Debug|Any CPU
		{3839EDB1-9D24-4159-9E1F-50229E4DC275}.Debug|iPhone.Deploy.0 = Debug|Any CPU
		{3839EDB1-9D24-4159-9E1F-50229E4DC275}.Debug|iPhoneSimulator.ActiveCfg = Debug|Any CPU
		{3839EDB1-9D24-4159-9E1F-50229E4DC275}.Debug|iPhoneSimulator.Build.0 = Debug|Any CPU
		{3839EDB1-9D24-4159-9E1F-50229E4DC275}.Debug|iPhoneSimulator.Deploy.0 = Debug|Any CPU
		{3839EDB1-9D24-4159-9E1F-50229E4DC275}.Release|Any CPU.ActiveCfg = Release|Any CPU
		{3839EDB1-9D24-4159-9E1F-50229E4DC275}.Release|Any CPU.Build.0 = Release|Any CPU
		{3839EDB1-9D24-4159-9E1F-50229E4DC275}.Release|Any CPU.Deploy.0 = Release|Any CPU
		{3839EDB1-9D24-4159-9E1F-50229E4DC275}.Release|iPhone.ActiveCfg = Release|Any CPU
		{3839EDB1-9D24-4159-9E1F-50229E4DC275}.Release|iPhone.Build.0 = Release|Any CPU
		{3839EDB1-9D24-4159-9E1F-50229E4DC275}.Release|iPhone.Deploy.0 = Release|Any CPU
		{3839EDB1-9D24-4159-9E1F-50229E4DC275}.Release|iPhoneSimulator.ActiveCfg = Release|Any CPU
		{3839EDB1-9D24-4159-9E1F-50229E4DC275}.Release|iPhoneSimulator.Build.0 = Release|Any CPU
		{3839EDB1-9D24-4159-9E1F-50229E4DC275}.Release|iPhoneSimulator.Deploy.0 = Release|Any CPU
		{359AA218-EB7D-4711-AD1D-37162882AB84}.Ad-Hoc|Any CPU.ActiveCfg = Ad-Hoc|iPhone
		{359AA218-EB7D-4711-AD1D-37162882AB84}.Ad-Hoc|Any CPU.Build.0 = Ad-Hoc|iPhone
		{359AA218-EB7D-4711-AD1D-37162882AB84}.Ad-Hoc|Any CPU.Deploy.0 = Ad-Hoc|iPhone
		{359AA218-EB7D-4711-AD1D-37162882AB84}.Ad-Hoc|iPhone.ActiveCfg = Ad-Hoc|iPhone
		{359AA218-EB7D-4711-AD1D-37162882AB84}.Ad-Hoc|iPhone.Build.0 = Ad-Hoc|iPhone
		{359AA218-EB7D-4711-AD1D-37162882AB84}.Ad-Hoc|iPhone.Deploy.0 = Ad-Hoc|iPhone
		{359AA218-EB7D-4711-AD1D-37162882AB84}.Ad-Hoc|iPhoneSimulator.ActiveCfg = Ad-Hoc|iPhoneSimulator
		{359AA218-EB7D-4711-AD1D-37162882AB84}.Ad-Hoc|iPhoneSimulator.Build.0 = Ad-Hoc|iPhoneSimulator
		{359AA218-EB7D-4711-AD1D-37162882AB84}.Ad-Hoc|iPhoneSimulator.Deploy.0 = Ad-Hoc|iPhoneSimulator
		{359AA218-EB7D-4711-AD1D-37162882AB84}.AppStore|Any CPU.ActiveCfg = AppStore|iPhone
		{359AA218-EB7D-4711-AD1D-37162882AB84}.AppStore|Any CPU.Build.0 = AppStore|iPhone
		{359AA218-EB7D-4711-AD1D-37162882AB84}.AppStore|Any CPU.Deploy.0 = AppStore|iPhone
		{359AA218-EB7D-4711-AD1D-37162882AB84}.AppStore|iPhone.ActiveCfg = AppStore|iPhone
		{359AA218-EB7D-4711-AD1D-37162882AB84}.AppStore|iPhone.Build.0 = AppStore|iPhone
		{359AA218-EB7D-4711-AD1D-37162882AB84}.AppStore|iPhone.Deploy.0 = AppStore|iPhone
		{359AA218-EB7D-4711-AD1D-37162882AB84}.AppStore|iPhoneSimulator.ActiveCfg = AppStore|iPhoneSimulator
		{359AA218-EB7D-4711-AD1D-37162882AB84}.AppStore|iPhoneSimulator.Build.0 = AppStore|iPhoneSimulator
		{359AA218-EB7D-4711-AD1D-37162882AB84}.AppStore|iPhoneSimulator.Deploy.0 = AppStore|iPhoneSimulator
		{359AA218-EB7D-4711-AD1D-37162882AB84}.Debug|Any CPU.ActiveCfg = Debug|iPhoneSimulator
		{359AA218-EB7D-4711-AD1D-37162882AB84}.Debug|Any CPU.Build.0 = Debug|iPhoneSimulator
		{359AA218-EB7D-4711-AD1D-37162882AB84}.Debug|Any CPU.Deploy.0 = Debug|iPhoneSimulator
		{359AA218-EB7D-4711-AD1D-37162882AB84}.Debug|iPhone.ActiveCfg = Debug|iPhone
		{359AA218-EB7D-4711-AD1D-37162882AB84}.Debug|iPhone.Build.0 = Debug|iPhone
		{359AA218-EB7D-4711-AD1D-37162882AB84}.Debug|iPhone.Deploy.0 = Debug|iPhone
		{359AA218-EB7D-4711-AD1D-37162882AB84}.Debug|iPhoneSimulator.ActiveCfg = Debug|iPhoneSimulator
		{359AA218-EB7D-4711-AD1D-37162882AB84}.Debug|iPhoneSimulator.Build.0 = Debug|iPhoneSimulator
		{359AA218-EB7D-4711-AD1D-37162882AB84}.Debug|iPhoneSimulator.Deploy.0 = Debug|iPhoneSimulator
		{359AA218-EB7D-4711-AD1D-37162882AB84}.Release|Any CPU.ActiveCfg = Release|iPhone
		{359AA218-EB7D-4711-AD1D-37162882AB84}.Release|Any CPU.Build.0 = Release|iPhone
		{359AA218-EB7D-4711-AD1D-37162882AB84}.Release|Any CPU.Deploy.0 = Release|iPhone
		{359AA218-EB7D-4711-AD1D-37162882AB84}.Release|iPhone.ActiveCfg = Release|iPhone
		{359AA218-EB7D-4711-AD1D-37162882AB84}.Release|iPhone.Build.0 = Release|iPhone
		{359AA218-EB7D-4711-AD1D-37162882AB84}.Release|iPhone.Deploy.0 = Release|iPhone
		{359AA218-EB7D-4711-AD1D-37162882AB84}.Release|iPhoneSimulator.ActiveCfg = Release|iPhoneSimulator
		{359AA218-EB7D-4711-AD1D-37162882AB84}.Release|iPhoneSimulator.Build.0 = Release|iPhoneSimulator
		{359AA218-EB7D-4711-AD1D-37162882AB84}.Release|iPhoneSimulator.Deploy.0 = Release|iPhoneSimulator
		{162DD573-5F60-4B91-8700-D2A26A52F70A}.Ad-Hoc|Any CPU.ActiveCfg = Debug|Any CPU
		{162DD573-5F60-4B91-8700-D2A26A52F70A}.Ad-Hoc|Any CPU.Build.0 = Debug|Any CPU
		{162DD573-5F60-4B91-8700-D2A26A52F70A}.Ad-Hoc|Any CPU.Deploy.0 = Debug|Any CPU
		{162DD573-5F60-4B91-8700-D2A26A52F70A}.Ad-Hoc|iPhone.ActiveCfg = Debug|Any CPU
		{162DD573-5F60-4B91-8700-D2A26A52F70A}.Ad-Hoc|iPhone.Build.0 = Debug|Any CPU
		{162DD573-5F60-4B91-8700-D2A26A52F70A}.Ad-Hoc|iPhone.Deploy.0 = Debug|Any CPU
		{162DD573-5F60-4B91-8700-D2A26A52F70A}.Ad-Hoc|iPhoneSimulator.ActiveCfg = Debug|Any CPU
		{162DD573-5F60-4B91-8700-D2A26A52F70A}.Ad-Hoc|iPhoneSimulator.Build.0 = Debug|Any CPU
		{162DD573-5F60-4B91-8700-D2A26A52F70A}.Ad-Hoc|iPhoneSimulator.Deploy.0 = Debug|Any CPU
		{162DD573-5F60-4B91-8700-D2A26A52F70A}.AppStore|Any CPU.ActiveCfg = Debug|Any CPU
		{162DD573-5F60-4B91-8700-D2A26A52F70A}.AppStore|Any CPU.Build.0 = Debug|Any CPU
		{162DD573-5F60-4B91-8700-D2A26A52F70A}.AppStore|Any CPU.Deploy.0 = Debug|Any CPU
		{162DD573-5F60-4B91-8700-D2A26A52F70A}.AppStore|iPhone.ActiveCfg = Debug|Any CPU
		{162DD573-5F60-4B91-8700-D2A26A52F70A}.AppStore|iPhone.Build.0 = Debug|Any CPU
		{162DD573-5F60-4B91-8700-D2A26A52F70A}.AppStore|iPhone.Deploy.0 = Debug|Any CPU
		{162DD573-5F60-4B91-8700-D2A26A52F70A}.AppStore|iPhoneSimulator.ActiveCfg = Debug|Any CPU
		{162DD573-5F60-4B91-8700-D2A26A52F70A}.AppStore|iPhoneSimulator.Build.0 = Debug|Any CPU
		{162DD573-5F60-4B91-8700-D2A26A52F70A}.AppStore|iPhoneSimulator.Deploy.0 = Debug|Any CPU
		{162DD573-5F60-4B91-8700-D2A26A52F70A}.Debug|Any CPU.ActiveCfg = Debug|Any CPU
		{162DD573-5F60-4B91-8700-D2A26A52F70A}.Debug|Any CPU.Build.0 = Debug|Any CPU
		{162DD573-5F60-4B91-8700-D2A26A52F70A}.Debug|Any CPU.Deploy.0 = Debug|Any CPU
		{162DD573-5F60-4B91-8700-D2A26A52F70A}.Debug|iPhone.ActiveCfg = Debug|Any CPU
		{162DD573-5F60-4B91-8700-D2A26A52F70A}.Debug|iPhone.Build.0 = Debug|Any CPU
		{162DD573-5F60-4B91-8700-D2A26A52F70A}.Debug|iPhone.Deploy.0 = Debug|Any CPU
		{162DD573-5F60-4B91-8700-D2A26A52F70A}.Debug|iPhoneSimulator.ActiveCfg = Debug|Any CPU
		{162DD573-5F60-4B91-8700-D2A26A52F70A}.Debug|iPhoneSimulator.Build.0 = Debug|Any CPU
		{162DD573-5F60-4B91-8700-D2A26A52F70A}.Debug|iPhoneSimulator.Deploy.0 = Debug|Any CPU
		{162DD573-5F60-4B91-8700-D2A26A52F70A}.Release|Any CPU.ActiveCfg = Release|Any CPU
		{162DD573-5F60-4B91-8700-D2A26A52F70A}.Release|Any CPU.Build.0 = Release|Any CPU
		{162DD573-5F60-4B91-8700-D2A26A52F70A}.Release|Any CPU.Deploy.0 = Release|Any CPU
		{162DD573-5F60-4B91-8700-D2A26A52F70A}.Release|iPhone.ActiveCfg = Release|Any CPU
		{162DD573-5F60-4B91-8700-D2A26A52F70A}.Release|iPhone.Build.0 = Release|Any CPU
		{162DD573-5F60-4B91-8700-D2A26A52F70A}.Release|iPhone.Deploy.0 = Release|Any CPU
		{162DD573-5F60-4B91-8700-D2A26A52F70A}.Release|iPhoneSimulator.ActiveCfg = Release|Any CPU
		{162DD573-5F60-4B91-8700-D2A26A52F70A}.Release|iPhoneSimulator.Build.0 = Release|Any CPU
		{162DD573-5F60-4B91-8700-D2A26A52F70A}.Release|iPhoneSimulator.Deploy.0 = Release|Any CPU
	EndGlobalSection
	GlobalSection(SolutionProperties) = preSolution
		HideSolutionNode = FALSE
	EndGlobalSection
	GlobalSection(ExtensibilityGlobals) = postSolution
		SolutionGuid = {A87635B5-D675-4814-96E0-F55FCA04FAF0}
	EndGlobalSection
EndGlobal
